
Microsoft Visual Studio Solution File, Format Version 12.00
# Visual Studio Version 17
VisualStudioVersion = 17.3.32825.248
MinimumVisualStudioVersion = 10.0.40219.1
Project("{FAE04EC0-301F-11D3-BF4B-00C04F79EFBC}") = "WpfApp1", "WpfApp1\WpfApp1.csproj", "{8463E9C2-C23C-442E-8C29-A6CB729FEABE}"
EndProject
Global
	GlobalSection(SolutionConfigurationPlatforms) = preSolution
		Debug|Any CPU = Debug|Any CPU
		Release|Any CPU = Release|Any CPU
	EndGlobalSection
	GlobalSection(ProjectConfigurationPlatforms) = postSolution
		{8463E9C2-C23C-442E-8C29-A6CB729FEABE}.Debug|Any CPU.ActiveCfg = Debug|Any CPU
		{8463E9C2-C23C-442E-8C29-A6CB729FEABE}.Debug|Any CPU.Build.0 = Debug|Any CPU
		{8463E9C2-C23C-442E-8C29-A6CB729FEABE}.Release|Any CPU.ActiveCfg = Release|Any CPU
		{8463E9C2-C23C-442E-8C29-A6CB729FEABE}.Release|Any CPU.Build.0 = Release|Any CPU
	EndGlobalSection
	GlobalSection(SolutionProperties) = preSolution
		HideSolutionNode = FALSE
	EndGlobalSection
	GlobalSection(ExtensibilityGlobals) = postSolution
		SolutionGuid = {8EE01CFE-625D-41D9-AA97-62545710E4A1}
	EndGlobalSection
EndGlobal
